
Microsoft Visual Studio Solution File, Format Version 12.00
# Visual Studio Version 17
VisualStudioVersion = 17.3.32811.315
MinimumVisualStudioVersion = 10.0.40219.1
Project("{9A19103F-16F7-4668-BE54-9A1E7A4F7556}") = "AutoType", "AutoType\AutoType.csproj", "{26C18493-9601-4BF9-BFCC-606C805B3632}"
EndProject
Project("{54435603-DBB4-11D2-8724-00A0C9A8B90C}") = "AutoTypeSetup", "AutoTypeSetup\AutoTypeSetup.vdproj", "{E1A3AB0A-19BB-4AAD-9454-D3BF5F2FDD63}"
EndProject
Global
	GlobalSection(SolutionConfigurationPlatforms) = preSolution
		Debug|Any CPU = Debug|Any CPU
		Release|Any CPU = Release|Any CPU
	EndGlobalSection
	GlobalSection(ProjectConfigurationPlatforms) = postSolution
		{26C18493-9601-4BF9-BFCC-606C805B3632}.Debug|Any CPU.ActiveCfg = Debug|Any CPU
		{26C18493-9601-4BF9-BFCC-606C805B3632}.Debug|Any CPU.Build.0 = Debug|Any CPU
		{26C18493-9601-4BF9-BFCC-606C805B3632}.Release|Any CPU.ActiveCfg = Release|Any CPU
		{26C18493-9601-4BF9-BFCC-606C805B3632}.Release|Any CPU.Build.0 = Release|Any CPU
		{E1A3AB0A-19BB-4AAD-9454-D3BF5F2FDD63}.Debug|Any CPU.ActiveCfg = Debug
		{E1A3AB0A-19BB-4AAD-9454-D3BF5F2FDD63}.Release|Any CPU.ActiveCfg = Release
	EndGlobalSection
	GlobalSection(SolutionProperties) = preSolution
		HideSolutionNode = FALSE
	EndGlobalSection
	GlobalSection(ExtensibilityGlobals) = postSolution
		SolutionGuid = {60D6E9CA-4A29-43AC-9DD6-3F177F99E664}
	EndGlobalSection
EndGlobal
